
Microsoft Visual Studio Solution File, Format Version 12.00
# Visual Studio Version 16
VisualStudioVersion = 16.0.32106.194
MinimumVisualStudioVersion = 10.0.40219.1
Project("{FAE04EC0-301F-11D3-BF4B-00C04F79EFBC}") = "DependencyInjection", "DependencyInjection\DependencyInjection.csproj", "{F58F7532-841C-4A01-A0E0-E71C2C667E32}"
EndProject
Project("{FAE04EC0-301F-11D3-BF4B-00C04F79EFBC}") = "DependencyInjection.Notification", "DependencyInjection.Notification\DependencyInjection.Notification.csproj", "{81EEBAB6-D612-40DE-814F-2A2F61AF1648}"
EndProject
Project("{FAE04EC0-301F-11D3-BF4B-00C04F79EFBC}") = "DependencyInjection.Core", "DependencyInjection.Core\DependencyInjection.Core.csproj", "{3C2EAC02-D5A2-4F89-8EA4-13648B9566F3}"
EndProject
Project("{FAE04EC0-301F-11D3-BF4B-00C04F79EFBC}") = "DependencyInjection.ConsoleNotification", "DependencyInjection.ConsoleNotification\DependencyInjection.ConsoleNotification.csproj", "{046AA5DA-9A01-4F95-8324-BED2FEAD84BF}"
EndProject
Project("{FAE04EC0-301F-11D3-BF4B-00C04F79EFBC}") = "DependencyInjection.FancyNotification", "DependencyInjection.FancyNotification\DependencyInjection.FancyNotification.csproj", "{73E1E955-E413-4DB3-A43F-E035112610B9}"
EndProject
Global
	GlobalSection(SolutionConfigurationPlatforms) = preSolution
		Debug|Any CPU = Debug|Any CPU
		Release|Any CPU = Release|Any CPU
	EndGlobalSection
	GlobalSection(ProjectConfigurationPlatforms) = postSolution
		{F58F7532-841C-4A01-A0E0-E71C2C667E32}.Debug|Any CPU.ActiveCfg = Debug|Any CPU
		{F58F7532-841C-4A01-A0E0-E71C2C667E32}.Debug|Any CPU.Build.0 = Debug|Any CPU
		{F58F7532-841C-4A01-A0E0-E71C2C667E32}.Release|Any CPU.ActiveCfg = Release|Any CPU
		{F58F7532-841C-4A01-A0E0-E71C2C667E32}.Release|Any CPU.Build.0 = Release|Any CPU
		{81EEBAB6-D612-40DE-814F-2A2F61AF1648}.Debug|Any CPU.ActiveCfg = Debug|Any CPU
		{81EEBAB6-D612-40DE-814F-2A2F61AF1648}.Debug|Any CPU.Build.0 = Debug|Any CPU
		{81EEBAB6-D612-40DE-814F-2A2F61AF1648}.Release|Any CPU.ActiveCfg = Release|Any CPU
		{81EEBAB6-D612-40DE-814F-2A2F61AF1648}.Release|Any CPU.Build.0 = Release|Any CPU
		{3C2EAC02-D5A2-4F89-8EA4-13648B9566F3}.Debug|Any CPU.ActiveCfg = Debug|Any CPU
		{3C2EAC02-D5A2-4F89-8EA4-13648B9566F3}.Debug|Any CPU.Build.0 = Debug|Any CPU
		{3C2EAC02-D5A2-4F89-8EA4-13648B9566F3}.Release|Any CPU.ActiveCfg = Release|Any CPU
		{3C2EAC02-D5A2-4F89-8EA4-13648B9566F3}.Release|Any CPU.Build.0 = Release|Any CPU
		{046AA5DA-9A01-4F95-8324-BED2FEAD84BF}.Debug|Any CPU.ActiveCfg = Debug|Any CPU
		{046AA5DA-9A01-4F95-8324-BED2FEAD84BF}.Debug|Any CPU.Build.0 = Debug|Any CPU
		{046AA5DA-9A01-4F95-8324-BED2FEAD84BF}.Release|Any CPU.ActiveCfg = Release|Any CPU
		{046AA5DA-9A01-4F95-8324-BED2FEAD84BF}.Release|Any CPU.Build.0 = Release|Any CPU
		{73E1E955-E413-4DB3-A43F-E035112610B9}.Debug|Any CPU.ActiveCfg = Debug|Any CPU
		{73E1E955-E413-4DB3-A43F-E035112610B9}.Debug|Any CPU.Build.0 = Debug|Any CPU
		{73E1E955-E413-4DB3-A43F-E035112610B9}.Release|Any CPU.ActiveCfg = Release|Any CPU
		{73E1E955-E413-4DB3-A43F-E035112610B9}.Release|Any CPU.Build.0 = Release|Any CPU
	EndGlobalSection
	GlobalSection(SolutionProperties) = preSolution
		HideSolutionNode = FALSE
	EndGlobalSection
	GlobalSection(ExtensibilityGlobals) = postSolution
		SolutionGuid = {29847EFE-DAFC-4B4B-9198-7AA72561D6E2}
	EndGlobalSection
EndGlobal
